
Microsoft Visual Studio Solution File, Format Version 12.00
# Visual Studio Version 16
VisualStudioVersion = 16.0.32901.82
MinimumVisualStudioVersion = 10.0.40219.1
Project("{FAE04EC0-301F-11D3-BF4B-00C04F79EFBC}") = "01.02.Step1", "01.02.Step1\01.02.Step1.csproj", "{A667AD92-4E36-4142-A726-D83BA6ADFB0C}"
EndProject
Project("{2150E333-8FDC-42A3-9474-1A3956D46DE8}") = "01.Write your first CSharp code", "01.Write your first CSharp code", "{E7748280-B75D-400A-A8F7-A5C12BC46A9F}"
EndProject
Project("{FAE04EC0-301F-11D3-BF4B-00C04F79EFBC}") = "01.02.Step4", "01.02.Step4\01.02.Step4.csproj", "{C70A8288-2B1E-4CBA-97AD-412FC7D86399}"
EndProject
Project("{FAE04EC0-301F-11D3-BF4B-00C04F79EFBC}") = "01.03.HowItWorks", "01.03.HowItWorks\01.03.HowItWorks.csproj", "{6C58F1E4-B0C1-41CC-87AB-9F87EEB6C453}"
EndProject
Project("{FAE04EC0-301F-11D3-BF4B-00C04F79EFBC}") = "01.04.Challenge", "01.04.Challenge\01.04.Challenge.csproj", "{5744CA97-044B-4FB9-A276-FF0436ECD80B}"
EndProject
Project("{FAE04EC0-301F-11D3-BF4B-00C04F79EFBC}") = "01.05.Solution", "01.05.Solution\01.05.Solution.csproj", "{3B8BF7F1-FDF8-484C-B979-C1E71F12B548}"
EndProject
Project("{2150E333-8FDC-42A3-9474-1A3956D46DE8}") = "02.Store and retrieve data using literal and variable values in CSharp", "02.Store and retrieve data using literal and variable values in CSharp", "{878B2709-4595-4551-990B-BE94F6501CEA}"
EndProject
Project("{FAE04EC0-301F-11D3-BF4B-00C04F79EFBC}") = "02.02.Step1", "02.02.Step1\02.02.Step1.csproj", "{DD7FFC7C-1528-450C-8349-E5C31941239B}"
EndProject
Project("{FAE04EC0-301F-11D3-BF4B-00C04F79EFBC}") = "02.02.Step2", "02.02.Step2\02.02.Step2.csproj", "{624104CF-3D8F-487C-9307-AB13BF9E0716}"
EndProject
Project("{FAE04EC0-301F-11D3-BF4B-00C04F79EFBC}") = "02.02.Step3", "02.02.Step3\02.02.Step3.csproj", "{B63E4517-0773-4F15-9CB4-F97CD18F111D}"
EndProject
Project("{FAE04EC0-301F-11D3-BF4B-00C04F79EFBC}") = "02.02.Step4", "02.02.Step4\02.02.Step4.csproj", "{618D2848-8904-4ED1-81A3-A9A41D9E15EC}"
EndProject
Project("{FAE04EC0-301F-11D3-BF4B-00C04F79EFBC}") = "02.02.PresentationVersusCalculationAndEvaluation", "02.02.PresentationVersusCalculationAndEvaluation\02.02.PresentationVersusCalculationAndEvaluation.csproj", "{276A692B-6722-4432-8674-AAD248824A44}"
EndProject
Project("{FAE04EC0-301F-11D3-BF4B-00C04F79EFBC}") = "02.03.DeclaringAVariable", "02.03.DeclaringAVariable\02.03.DeclaringAVariable.csproj", "{93B72B3D-BEB3-4509-860F-C746CB918384}"
EndProject
Project("{FAE04EC0-301F-11D3-BF4B-00C04F79EFBC}") = "02.03.VariableNameExamples", "02.03.VariableNameExamples\02.03.VariableNameExamples.csproj", "{F96C3289-019E-4FE1-87F1-2D7BC7B75CBF}"
EndProject
Project("{FAE04EC0-301F-11D3-BF4B-00C04F79EFBC}") = "02.04.Step2", "02.04.Step2\02.04.Step2.csproj", "{B35B680B-3CFE-4AE9-803F-BCB43966EA8F}"
EndProject
Project("{FAE04EC0-301F-11D3-BF4B-00C04F79EFBC}") = "02.04.Step5", "02.04.Step5\02.04.Step5.csproj", "{FAA5871A-88B1-462F-97EF-1F105C70AEC6}"
EndProject
Project("{FAE04EC0-301F-11D3-BF4B-00C04F79EFBC}") = "02.04.Step6", "02.04.Step6\02.04.Step6.csproj", "{FAB1CED2-6101-49C1-8E28-92AE2B19EA47}"
EndProject
Project("{FAE04EC0-301F-11D3-BF4B-00C04F79EFBC}") = "02.04.Step7", "02.04.Step7\02.04.Step7.csproj", "{04F315CB-05BF-4BCF-8F0E-B6662C335EA2}"
EndProject
Project("{FAE04EC0-301F-11D3-BF4B-00C04F79EFBC}") = "02.05.ImplicitlyTypedLocalVariables", "02.05.ImplicitlyTypedLocalVariables\02.05.ImplicitlyTypedLocalVariables.csproj", "{2F99B182-D0ED-4017-9170-C8CB78F13C0A}"
EndProject
Project("{FAE04EC0-301F-11D3-BF4B-00C04F79EFBC}") = "02.06.Challenge", "02.06.Challenge\02.06.Challenge.csproj", "{D2B57C44-C024-4FB1-9313-A3B1E9DF2211}"
EndProject
Project("{FAE04EC0-301F-11D3-BF4B-00C04F79EFBC}") = "02.06.Challenge.Ver.2", "02.06.Challenge.Ver.2\02.06.Challenge.Ver.2.csproj", "{5BBC31ED-0EA7-4368-AA5B-E80E540572B5}"
EndProject
Project("{FAE04EC0-301F-11D3-BF4B-00C04F79EFBC}") = "02.07.Solution", "02.07.Solution\02.07.Solution.csproj", "{16D8EE38-80CB-4CFC-BA65-1F5A43D063B2}"
EndProject
Project("{2150E333-8FDC-42A3-9474-1A3956D46DE8}") = "03.Perform basic string formatting in CSharp", "03.Perform basic string formatting in CSharp", "{171836EF-A810-4B3F-877D-709B7608DE2E}"
EndProject
Global
	GlobalSection(SolutionConfigurationPlatforms) = preSolution
		Debug|Any CPU = Debug|Any CPU
		Release|Any CPU = Release|Any CPU
	EndGlobalSection
	GlobalSection(ProjectConfigurationPlatforms) = postSolution
		{A667AD92-4E36-4142-A726-D83BA6ADFB0C}.Debug|Any CPU.ActiveCfg = Debug|Any CPU
		{A667AD92-4E36-4142-A726-D83BA6ADFB0C}.Debug|Any CPU.Build.0 = Debug|Any CPU
		{A667AD92-4E36-4142-A726-D83BA6ADFB0C}.Release|Any CPU.ActiveCfg = Release|Any CPU
		{A667AD92-4E36-4142-A726-D83BA6ADFB0C}.Release|Any CPU.Build.0 = Release|Any CPU
		{C70A8288-2B1E-4CBA-97AD-412FC7D86399}.Debug|Any CPU.ActiveCfg = Debug|Any CPU
		{C70A8288-2B1E-4CBA-97AD-412FC7D86399}.Debug|Any CPU.Build.0 = Debug|Any CPU
		{C70A8288-2B1E-4CBA-97AD-412FC7D86399}.Release|Any CPU.ActiveCfg = Release|Any CPU
		{C70A8288-2B1E-4CBA-97AD-412FC7D86399}.Release|Any CPU.Build.0 = Release|Any CPU
		{6C58F1E4-B0C1-41CC-87AB-9F87EEB6C453}.Debug|Any CPU.ActiveCfg = Debug|Any CPU
		{6C58F1E4-B0C1-41CC-87AB-9F87EEB6C453}.Debug|Any CPU.Build.0 = Debug|Any CPU
		{6C58F1E4-B0C1-41CC-87AB-9F87EEB6C453}.Release|Any CPU.ActiveCfg = Release|Any CPU
		{6C58F1E4-B0C1-41CC-87AB-9F87EEB6C453}.Release|Any CPU.Build.0 = Release|Any CPU
		{5744CA97-044B-4FB9-A276-FF0436ECD80B}.Debug|Any CPU.ActiveCfg = Debug|Any CPU
		{5744CA97-044B-4FB9-A276-FF0436ECD80B}.Debug|Any CPU.Build.0 = Debug|Any CPU
		{5744CA97-044B-4FB9-A276-FF0436ECD80B}.Release|Any CPU.ActiveCfg = Release|Any CPU
		{5744CA97-044B-4FB9-A276-FF0436ECD80B}.Release|Any CPU.Build.0 = Release|Any CPU
		{3B8BF7F1-FDF8-484C-B979-C1E71F12B548}.Debug|Any CPU.ActiveCfg = Debug|Any CPU
		{3B8BF7F1-FDF8-484C-B979-C1E71F12B548}.Debug|Any CPU.Build.0 = Debug|Any CPU
		{3B8BF7F1-FDF8-484C-B979-C1E71F12B548}.Release|Any CPU.ActiveCfg = Release|Any CPU
		{3B8BF7F1-FDF8-484C-B979-C1E71F12B548}.Release|Any CPU.Build.0 = Release|Any CPU
		{DD7FFC7C-1528-450C-8349-E5C31941239B}.Debug|Any CPU.ActiveCfg = Debug|Any CPU
		{DD7FFC7C-1528-450C-8349-E5C31941239B}.Debug|Any CPU.Build.0 = Debug|Any CPU
		{DD7FFC7C-1528-450C-8349-E5C31941239B}.Release|Any CPU.ActiveCfg = Release|Any CPU
		{DD7FFC7C-1528-450C-8349-E5C31941239B}.Release|Any CPU.Build.0 = Release|Any CPU
		{624104CF-3D8F-487C-9307-AB13BF9E0716}.Debug|Any CPU.ActiveCfg = Debug|Any CPU
		{624104CF-3D8F-487C-9307-AB13BF9E0716}.Debug|Any CPU.Build.0 = Debug|Any CPU
		{624104CF-3D8F-487C-9307-AB13BF9E0716}.Release|Any CPU.ActiveCfg = Release|Any CPU
		{624104CF-3D8F-487C-9307-AB13BF9E0716}.Release|Any CPU.Build.0 = Release|Any CPU
		{B63E4517-0773-4F15-9CB4-F97CD18F111D}.Debug|Any CPU.ActiveCfg = Debug|Any CPU
		{B63E4517-0773-4F15-9CB4-F97CD18F111D}.Debug|Any CPU.Build.0 = Debug|Any CPU
		{B63E4517-0773-4F15-9CB4-F97CD18F111D}.Release|Any CPU.ActiveCfg = Release|Any CPU
		{B63E4517-0773-4F15-9CB4-F97CD18F111D}.Release|Any CPU.Build.0 = Release|Any CPU
		{618D2848-8904-4ED1-81A3-A9A41D9E15EC}.Debug|Any CPU.ActiveCfg = Debug|Any CPU
		{618D2848-8904-4ED1-81A3-A9A41D9E15EC}.Debug|Any CPU.Build.0 = Debug|Any CPU
		{618D2848-8904-4ED1-81A3-A9A41D9E15EC}.Release|Any CPU.ActiveCfg = Release|Any CPU
		{618D2848-8904-4ED1-81A3-A9A41D9E15EC}.Release|Any CPU.Build.0 = Release|Any CPU
		{276A692B-6722-4432-8674-AAD248824A44}.Debug|Any CPU.ActiveCfg = Debug|Any CPU
		{276A692B-6722-4432-8674-AAD248824A44}.Debug|Any CPU.Build.0 = Debug|Any CPU
		{276A692B-6722-4432-8674-AAD248824A44}.Release|Any CPU.ActiveCfg = Release|Any CPU
		{276A692B-6722-4432-8674-AAD248824A44}.Release|Any CPU.Build.0 = Release|Any CPU
		{93B72B3D-BEB3-4509-860F-C746CB918384}.Debug|Any CPU.ActiveCfg = Debug|Any CPU
		{93B72B3D-BEB3-4509-860F-C746CB918384}.Debug|Any CPU.Build.0 = Debug|Any CPU
		{93B72B3D-BEB3-4509-860F-C746CB918384}.Release|Any CPU.ActiveCfg = Release|Any CPU
		{93B72B3D-BEB3-4509-860F-C746CB918384}.Release|Any CPU.Build.0 = Release|Any CPU
		{F96C3289-019E-4FE1-87F1-2D7BC7B75CBF}.Debug|Any CPU.ActiveCfg = Debug|Any CPU
		{F96C3289-019E-4FE1-87F1-2D7BC7B75CBF}.Debug|Any CPU.Build.0 = Debug|Any CPU
		{F96C3289-019E-4FE1-87F1-2D7BC7B75CBF}.Release|Any CPU.ActiveCfg = Release|Any CPU
		{F96C3289-019E-4FE1-87F1-2D7BC7B75CBF}.Release|Any CPU.Build.0 = Release|Any CPU
		{B35B680B-3CFE-4AE9-803F-BCB43966EA8F}.Debug|Any CPU.ActiveCfg = Debug|Any CPU
		{B35B680B-3CFE-4AE9-803F-BCB43966EA8F}.Debug|Any CPU.Build.0 = Debug|Any CPU
		{B35B680B-3CFE-4AE9-803F-BCB43966EA8F}.Release|Any CPU.ActiveCfg = Release|Any CPU
		{B35B680B-3CFE-4AE9-803F-BCB43966EA8F}.Release|Any CPU.Build.0 = Release|Any CPU
		{FAA5871A-88B1-462F-97EF-1F105C70AEC6}.Debug|Any CPU.ActiveCfg = Debug|Any CPU
		{FAA5871A-88B1-462F-97EF-1F105C70AEC6}.Debug|Any CPU.Build.0 = Debug|Any CPU
		{FAA5871A-88B1-462F-97EF-1F105C70AEC6}.Release|Any CPU.ActiveCfg = Release|Any CPU
		{FAA5871A-88B1-462F-97EF-1F105C70AEC6}.Release|Any CPU.Build.0 = Release|Any CPU
		{FAB1CED2-6101-49C1-8E28-92AE2B19EA47}.Debug|Any CPU.ActiveCfg = Debug|Any CPU
		{FAB1CED2-6101-49C1-8E28-92AE2B19EA47}.Debug|Any CPU.Build.0 = Debug|Any CPU
		{FAB1CED2-6101-49C1-8E28-92AE2B19EA47}.Release|Any CPU.ActiveCfg = Release|Any CPU
		{FAB1CED2-6101-49C1-8E28-92AE2B19EA47}.Release|Any CPU.Build.0 = Release|Any CPU
		{04F315CB-05BF-4BCF-8F0E-B6662C335EA2}.Debug|Any CPU.ActiveCfg = Debug|Any CPU
		{04F315CB-05BF-4BCF-8F0E-B6662C335EA2}.Debug|Any CPU.Build.0 = Debug|Any CPU
		{04F315CB-05BF-4BCF-8F0E-B6662C335EA2}.Release|Any CPU.ActiveCfg = Release|Any CPU
		{04F315CB-05BF-4BCF-8F0E-B6662C335EA2}.Release|Any CPU.Build.0 = Release|Any CPU
		{2F99B182-D0ED-4017-9170-C8CB78F13C0A}.Debug|Any CPU.ActiveCfg = Debug|Any CPU
		{2F99B182-D0ED-4017-9170-C8CB78F13C0A}.Debug|Any CPU.Build.0 = Debug|Any CPU
		{2F99B182-D0ED-4017-9170-C8CB78F13C0A}.Release|Any CPU.ActiveCfg = Release|Any CPU
		{2F99B182-D0ED-4017-9170-C8CB78F13C0A}.Release|Any CPU.Build.0 = Release|Any CPU
		{D2B57C44-C024-4FB1-9313-A3B1E9DF2211}.Debug|Any CPU.ActiveCfg = Debug|Any CPU
		{D2B57C44-C024-4FB1-9313-A3B1E9DF2211}.Debug|Any CPU.Build.0 = Debug|Any CPU
		{D2B57C44-C024-4FB1-9313-A3B1E9DF2211}.Release|Any CPU.ActiveCfg = Release|Any CPU
		{D2B57C44-C024-4FB1-9313-A3B1E9DF2211}.Release|Any CPU.Build.0 = Release|Any CPU
		{5BBC31ED-0EA7-4368-AA5B-E80E540572B5}.Debug|Any CPU.ActiveCfg = Debug|Any CPU
		{5BBC31ED-0EA7-4368-AA5B-E80E540572B5}.Debug|Any CPU.Build.0 = Debug|Any CPU
		{5BBC31ED-0EA7-4368-AA5B-E80E540572B5}.Release|Any CPU.ActiveCfg = Release|Any CPU
		{5BBC31ED-0EA7-4368-AA5B-E80E540572B5}.Release|Any CPU.Build.0 = Release|Any CPU
		{16D8EE38-80CB-4CFC-BA65-1F5A43D063B2}.Debug|Any CPU.ActiveCfg = Debug|Any CPU
		{16D8EE38-80CB-4CFC-BA65-1F5A43D063B2}.Debug|Any CPU.Build.0 = Debug|Any CPU
		{16D8EE38-80CB-4CFC-BA65-1F5A43D063B2}.Release|Any CPU.ActiveCfg = Release|Any CPU
		{16D8EE38-80CB-4CFC-BA65-1F5A43D063B2}.Release|Any CPU.Build.0 = Release|Any CPU
	EndGlobalSection
	GlobalSection(SolutionProperties) = preSolution
		HideSolutionNode = FALSE
	EndGlobalSection
	GlobalSection(NestedProjects) = preSolution
		{A667AD92-4E36-4142-A726-D83BA6ADFB0C} = {E7748280-B75D-400A-A8F7-A5C12BC46A9F}
		{C70A8288-2B1E-4CBA-97AD-412FC7D86399} = {E7748280-B75D-400A-A8F7-A5C12BC46A9F}
		{6C58F1E4-B0C1-41CC-87AB-9F87EEB6C453} = {E7748280-B75D-400A-A8F7-A5C12BC46A9F}
		{5744CA97-044B-4FB9-A276-FF0436ECD80B} = {E7748280-B75D-400A-A8F7-A5C12BC46A9F}
		{3B8BF7F1-FDF8-484C-B979-C1E71F12B548} = {E7748280-B75D-400A-A8F7-A5C12BC46A9F}
		{DD7FFC7C-1528-450C-8349-E5C31941239B} = {878B2709-4595-4551-990B-BE94F6501CEA}
		{624104CF-3D8F-487C-9307-AB13BF9E0716} = {878B2709-4595-4551-990B-BE94F6501CEA}
		{B63E4517-0773-4F15-9CB4-F97CD18F111D} = {878B2709-4595-4551-990B-BE94F6501CEA}
		{618D2848-8904-4ED1-81A3-A9A41D9E15EC} = {878B2709-4595-4551-990B-BE94F6501CEA}
		{276A692B-6722-4432-8674-AAD248824A44} = {878B2709-4595-4551-990B-BE94F6501CEA}
		{93B72B3D-BEB3-4509-860F-C746CB918384} = {878B2709-4595-4551-990B-BE94F6501CEA}
		{F96C3289-019E-4FE1-87F1-2D7BC7B75CBF} = {878B2709-4595-4551-990B-BE94F6501CEA}
		{B35B680B-3CFE-4AE9-803F-BCB43966EA8F} = {878B2709-4595-4551-990B-BE94F6501CEA}
		{FAA5871A-88B1-462F-97EF-1F105C70AEC6} = {878B2709-4595-4551-990B-BE94F6501CEA}
		{FAB1CED2-6101-49C1-8E28-92AE2B19EA47} = {878B2709-4595-4551-990B-BE94F6501CEA}
		{04F315CB-05BF-4BCF-8F0E-B6662C335EA2} = {878B2709-4595-4551-990B-BE94F6501CEA}
		{2F99B182-D0ED-4017-9170-C8CB78F13C0A} = {878B2709-4595-4551-990B-BE94F6501CEA}
		{D2B57C44-C024-4FB1-9313-A3B1E9DF2211} = {878B2709-4595-4551-990B-BE94F6501CEA}
		{5BBC31ED-0EA7-4368-AA5B-E80E540572B5} = {878B2709-4595-4551-990B-BE94F6501CEA}
		{16D8EE38-80CB-4CFC-BA65-1F5A43D063B2} = {878B2709-4595-4551-990B-BE94F6501CEA}
	EndGlobalSection
	GlobalSection(ExtensibilityGlobals) = postSolution
		SolutionGuid = {C1EE1572-5DFF-4B5E-832A-A68B029B23BD}
	EndGlobalSection
EndGlobal
