
Microsoft Visual Studio Solution File, Format Version 12.00
# Visual Studio Version 16
VisualStudioVersion = 16.0.32901.82
MinimumVisualStudioVersion = 10.0.40219.1
Project("{FAE04EC0-301F-11D3-BF4B-00C04F79EFBC}") = "01.02.Step1", "01.02.Step1\01.02.Step1.csproj", "{A667AD92-4E36-4142-A726-D83BA6ADFB0C}"
EndProject
Project("{2150E333-8FDC-42A3-9474-1A3956D46DE8}") = "01.Write your first CSharp code", "01.Write your first CSharp code", "{E7748280-B75D-400A-A8F7-A5C12BC46A9F}"
EndProject
Project("{FAE04EC0-301F-11D3-BF4B-00C04F79EFBC}") = "01.02.Step4", "01.02.Step4\01.02.Step4.csproj", "{C70A8288-2B1E-4CBA-97AD-412FC7D86399}"
EndProject
Project("{FAE04EC0-301F-11D3-BF4B-00C04F79EFBC}") = "01.03.HowItWorks", "01.03.HowItWorks\01.03.HowItWorks.csproj", "{6C58F1E4-B0C1-41CC-87AB-9F87EEB6C453}"
EndProject
Project("{FAE04EC0-301F-11D3-BF4B-00C04F79EFBC}") = "01.04.Challenge", "01.04.Challenge\01.04.Challenge.csproj", "{5744CA97-044B-4FB9-A276-FF0436ECD80B}"
EndProject
Project("{FAE04EC0-301F-11D3-BF4B-00C04F79EFBC}") = "01.05.Solution", "01.05.Solution\01.05.Solution.csproj", "{3B8BF7F1-FDF8-484C-B979-C1E71F12B548}"
EndProject
Project("{2150E333-8FDC-42A3-9474-1A3956D46DE8}") = "02.Store and retrieve data using literal and variable values in CSharp", "02.Store and retrieve data using literal and variable values in CSharp", "{878B2709-4595-4551-990B-BE94F6501CEA}"
EndProject
Project("{FAE04EC0-301F-11D3-BF4B-00C04F79EFBC}") = "02.02.Step1", "02.02.Step1\02.02.Step1.csproj", "{DD7FFC7C-1528-450C-8349-E5C31941239B}"
EndProject
Project("{FAE04EC0-301F-11D3-BF4B-00C04F79EFBC}") = "02.02.Step2", "02.02.Step2\02.02.Step2.csproj", "{624104CF-3D8F-487C-9307-AB13BF9E0716}"
EndProject
Project("{FAE04EC0-301F-11D3-BF4B-00C04F79EFBC}") = "02.02.Step3", "02.02.Step3\02.02.Step3.csproj", "{B63E4517-0773-4F15-9CB4-F97CD18F111D}"
EndProject
Project("{FAE04EC0-301F-11D3-BF4B-00C04F79EFBC}") = "02.02.Step4", "02.02.Step4\02.02.Step4.csproj", "{618D2848-8904-4ED1-81A3-A9A41D9E15EC}"
EndProject
Project("{FAE04EC0-301F-11D3-BF4B-00C04F79EFBC}") = "02.02.PresentationVersusCalculationAndEvaluation", "02.02.PresentationVersusCalculationAndEvaluation\02.02.PresentationVersusCalculationAndEvaluation.csproj", "{276A692B-6722-4432-8674-AAD248824A44}"
EndProject
Project("{FAE04EC0-301F-11D3-BF4B-00C04F79EFBC}") = "02.03.DeclaringAVariable", "02.03.DeclaringAVariable\02.03.DeclaringAVariable.csproj", "{93B72B3D-BEB3-4509-860F-C746CB918384}"
EndProject
Project("{FAE04EC0-301F-11D3-BF4B-00C04F79EFBC}") = "02.03.VariableNameExamples", "02.03.VariableNameExamples\02.03.VariableNameExamples.csproj", "{F96C3289-019E-4FE1-87F1-2D7BC7B75CBF}"
EndProject
Project("{FAE04EC0-301F-11D3-BF4B-00C04F79EFBC}") = "02.04.Step2", "02.04.Step2\02.04.Step2.csproj", "{B35B680B-3CFE-4AE9-803F-BCB43966EA8F}"
EndProject
Project("{FAE04EC0-301F-11D3-BF4B-00C04F79EFBC}") = "02.04.Step5", "02.04.Step5\02.04.Step5.csproj", "{FAA5871A-88B1-462F-97EF-1F105C70AEC6}"
EndProject
Project("{FAE04EC0-301F-11D3-BF4B-00C04F79EFBC}") = "02.04.Step6", "02.04.Step6\02.04.Step6.csproj", "{FAB1CED2-6101-49C1-8E28-92AE2B19EA47}"
EndProject
Project("{FAE04EC0-301F-11D3-BF4B-00C04F79EFBC}") = "02.04.Step7", "02.04.Step7\02.04.Step7.csproj", "{04F315CB-05BF-4BCF-8F0E-B6662C335EA2}"
EndProject
Project("{FAE04EC0-301F-11D3-BF4B-00C04F79EFBC}") = "02.05.ImplicitlyTypedLocalVariables", "02.05.ImplicitlyTypedLocalVariables\02.05.ImplicitlyTypedLocalVariables.csproj", "{2F99B182-D0ED-4017-9170-C8CB78F13C0A}"
EndProject
Project("{FAE04EC0-301F-11D3-BF4B-00C04F79EFBC}") = "02.06.Challenge", "02.06.Challenge\02.06.Challenge.csproj", "{D2B57C44-C024-4FB1-9313-A3B1E9DF2211}"
EndProject
Project("{FAE04EC0-301F-11D3-BF4B-00C04F79EFBC}") = "02.06.Challenge.Ver.2", "02.06.Challenge.Ver.2\02.06.Challenge.Ver.2.csproj", "{5BBC31ED-0EA7-4368-AA5B-E80E540572B5}"
EndProject
Project("{FAE04EC0-301F-11D3-BF4B-00C04F79EFBC}") = "02.07.Solution", "02.07.Solution\02.07.Solution.csproj", "{16D8EE38-80CB-4CFC-BA65-1F5A43D063B2}"
EndProject
Project("{2150E333-8FDC-42A3-9474-1A3956D46DE8}") = "03.Perform basic string formatting in CSharp", "03.Perform basic string formatting in CSharp", "{171836EF-A810-4B3F-877D-709B7608DE2E}"
EndProject
Project("{FAE04EC0-301F-11D3-BF4B-00C04F79EFBC}") = "03.02.CharacterEscapeSequences", "03.02.CharacterEscapeSequences\03.02.CharacterEscapeSequences.csproj", "{205CC2A8-27D2-42B6-9025-56AAB71EFE69}"
EndProject
Project("{FAE04EC0-301F-11D3-BF4B-00C04F79EFBC}") = "03.02.Step1", "03.02.Step1\03.02.Step1.csproj", "{72E35D6A-8A05-468D-917C-D6C60597F9CB}"
EndProject
Project("{FAE04EC0-301F-11D3-BF4B-00C04F79EFBC}") = "03.02.VerbatimStringLiteral", "03.02.VerbatimStringLiteral\03.02.VerbatimStringLiteral.csproj", "{9399C49A-9CF6-4B09-A05D-75CCDEA51443}"
EndProject
Project("{FAE04EC0-301F-11D3-BF4B-00C04F79EFBC}") = "03.02.Step2", "03.02.Step2\03.02.Step2.csproj", "{53413455-54E6-4808-B329-21AE9D89ECFB}"
EndProject
Project("{FAE04EC0-301F-11D3-BF4B-00C04F79EFBC}") = "03.02.UnicodeEscapeCharacters", "03.02.UnicodeEscapeCharacters\03.02.UnicodeEscapeCharacters.csproj", "{AEAB1E3C-28CA-43DB-AF93-75EB027BD990}"
EndProject
Project("{FAE04EC0-301F-11D3-BF4B-00C04F79EFBC}") = "03.02.Step3", "03.02.Step3\03.02.Step3.csproj", "{590C65AD-5CE7-4747-8FEC-9C24C001B800}"
EndProject
Project("{FAE04EC0-301F-11D3-BF4B-00C04F79EFBC}") = "03.03.Step2", "03.03.Step2\03.03.Step2.csproj", "{72017693-1E01-453F-B63C-553C7BA657F0}"
EndProject
Project("{FAE04EC0-301F-11D3-BF4B-00C04F79EFBC}") = "03.03.Step3", "03.03.Step3\03.03.Step3.csproj", "{43173E6A-4514-4B13-AF0B-B27920B6A958}"
EndProject
Project("{FAE04EC0-301F-11D3-BF4B-00C04F79EFBC}") = "03.03.Step4", "03.03.Step4\03.03.Step4.csproj", "{BA98B551-85FD-4365-8EB1-5165D93AE00E}"
EndProject
Project("{FAE04EC0-301F-11D3-BF4B-00C04F79EFBC}") = "03.04.Step2", "03.04.Step2\03.04.Step2.csproj", "{122F8CEB-F293-42DA-B1D7-7C91CBE42177}"
EndProject
Project("{FAE04EC0-301F-11D3-BF4B-00C04F79EFBC}") = "03.04.Step3", "03.04.Step3\03.04.Step3.csproj", "{413256FD-0D05-4E70-9D90-B1A39BF3720F}"
EndProject
Project("{FAE04EC0-301F-11D3-BF4B-00C04F79EFBC}") = "03.04.Step4", "03.04.Step4\03.04.Step4.csproj", "{A4133125-464D-4E9F-800A-79AE4113C406}"
EndProject
Project("{FAE04EC0-301F-11D3-BF4B-00C04F79EFBC}") = "03.04.Step5", "03.04.Step5\03.04.Step5.csproj", "{E19D98F2-998C-44EF-95E1-D78F90426B5F}"
EndProject
Project("{FAE04EC0-301F-11D3-BF4B-00C04F79EFBC}") = "03.05.Challenge", "03.05.Challenge\03.05.Challenge.csproj", "{D1883FD4-C47F-4E74-86A0-8AE130431171}"
EndProject
Project("{FAE04EC0-301F-11D3-BF4B-00C04F79EFBC}") = "03.06.Solution", "03.06.Solution\03.06.Solution.csproj", "{C9F46ACA-D417-4A21-BEDA-E6ABDEC468CC}"
EndProject
Project("{2150E333-8FDC-42A3-9474-1A3956D46DE8}") = "04.Perform basic operations on numbers in CSharp", "04.Perform basic operations on numbers in CSharp", "{3847942C-0482-4A31-89E3-017B2C38677F}"
EndProject
Project("{FAE04EC0-301F-11D3-BF4B-00C04F79EFBC}") = "04.02.Step1", "04.02.Step1\04.02.Step1.csproj", "{979CD550-71F3-4C14-B3EF-9313F4C33CC8}"
EndProject
Project("{FAE04EC0-301F-11D3-BF4B-00C04F79EFBC}") = "04.02.Step2", "04.02.Step2\04.02.Step2.csproj", "{AF988ECE-2CB2-4E50-AFD7-620F83CF46B2}"
EndProject
Project("{FAE04EC0-301F-11D3-BF4B-00C04F79EFBC}") = "04.02.Step3", "04.02.Step3\04.02.Step3.csproj", "{99C79D52-4F24-4D51-AFD7-6CA217FE325F}"
EndProject
Project("{FAE04EC0-301F-11D3-BF4B-00C04F79EFBC}") = "04.02.Step4", "04.02.Step4\04.02.Step4.csproj", "{04B588FB-F2A8-45CA-B6C8-99F79F25169C}"
EndProject
Project("{2150E333-8FDC-42A3-9474-1A3956D46DE8}") = "04.03.Exercise - Math Operators", "04.03.Exercise - Math Operators", "{D006C5BD-67C5-4DDF-8F5B-CAD3D7D2F24F}"
EndProject
Project("{FAE04EC0-301F-11D3-BF4B-00C04F79EFBC}") = "04.03.Step1", "04.03.Step1\04.03.Step1.csproj", "{180268B4-243A-4B8D-89DC-95682909FBCE}"
EndProject
Project("{2150E333-8FDC-42A3-9474-1A3956D46DE8}") = "01.02.Exercise - Hello World!", "01.02.Exercise - Hello World!", "{79329763-CB2F-4455-A348-55CBC5B880C1}"
EndProject
Project("{2150E333-8FDC-42A3-9474-1A3956D46DE8}") = "02.02.Exercise - Literal values", "02.02.Exercise - Literal values", "{E7E11A08-558C-4EAD-8206-1E4CED3948CF}"
EndProject
Project("{2150E333-8FDC-42A3-9474-1A3956D46DE8}") = "02.03.Declare variables", "02.03.Declare variables", "{7CEB6DA0-60EC-453D-82E1-004827A9AC83}"
EndProject
Project("{2150E333-8FDC-42A3-9474-1A3956D46DE8}") = "02.04.Exercise - Setting and getting values from variables", "02.04.Exercise - Setting and getting values from variables", "{62C1D873-BEDC-4E52-8588-07AE1B1F84AC}"
EndProject
Project("{2150E333-8FDC-42A3-9474-1A3956D46DE8}") = "02.06.Challenge", "02.06.Challenge", "{ACDA9DE4-CE96-45CE-B5FC-F74B206FFD95}"
EndProject
Project("{2150E333-8FDC-42A3-9474-1A3956D46DE8}") = "03.02.Exercise - Character Escape Sequences and Verbatim Strings", "03.02.Exercise - Character Escape Sequences and Verbatim Strings", "{323C146B-A11F-4C96-8636-BAAF77DBDA62}"
EndProject
Project("{2150E333-8FDC-42A3-9474-1A3956D46DE8}") = "03.03.Exercise - String Concatenation", "03.03.Exercise - String Concatenation", "{78F7FF82-064B-4FCB-A9C3-04A6D8559CEA}"
EndProject
Project("{2150E333-8FDC-42A3-9474-1A3956D46DE8}") = "03.04.Exercise - String Interpolation", "03.04.Exercise - String Interpolation", "{B52EC512-B2BE-4700-974C-88CBAA8D3BAD}"
EndProject
Project("{2150E333-8FDC-42A3-9474-1A3956D46DE8}") = "04.02.Exercise - Simple Addition and Implicit Data Conversion", "04.02.Exercise - Simple Addition and Implicit Data Conversion", "{BC5DEB52-1745-4E34-8050-08A1F8480FF9}"
EndProject
Project("{FAE04EC0-301F-11D3-BF4B-00C04F79EFBC}") = "04.03.Step2", "04.03.Step2\04.03.Step2.csproj", "{ADEBD749-A139-408F-B13D-BDD95C5DE37C}"
EndProject
Project("{FAE04EC0-301F-11D3-BF4B-00C04F79EFBC}") = "04.03.Step3", "04.03.Step3\04.03.Step3.csproj", "{3EACE6ED-E6AB-4707-B2AF-0925F467C44B}"
EndProject
Project("{FAE04EC0-301F-11D3-BF4B-00C04F79EFBC}") = "04.03.Step4", "04.03.Step4\04.03.Step4.csproj", "{7EECBCA8-A19C-4A7C-AEE6-C58690139CD0}"
EndProject
Project("{FAE04EC0-301F-11D3-BF4B-00C04F79EFBC}") = "04.03.WriteCodeToExerciseCSharpOrderOfOperations", "04.03.WriteCodeToExerciseCSharpOrderOfOperations\04.03.WriteCodeToExerciseCSharpOrderOfOperations.csproj", "{F064A241-DE33-4106-B435-C6EB9499237A}"
EndProject
Project("{2150E333-8FDC-42A3-9474-1A3956D46DE8}") = "04.04.Exercise - Increment and Decrement Values", "04.04.Exercise - Increment and Decrement Values", "{DDB46103-342A-4548-A4F8-A7E077013BD1}"
EndProject
Project("{FAE04EC0-301F-11D3-BF4B-00C04F79EFBC}") = "04.04.IncrementAndDecrement", "04.04.IncrementAndDecrement\04.04.IncrementAndDecrement.csproj", "{060787D0-1A8C-49B7-A016-E42292672ABF}"
EndProject
Project("{FAE04EC0-301F-11D3-BF4B-00C04F79EFBC}") = "04.04.Step1", "04.04.Step1\04.04.Step1.csproj", "{10FA121B-9276-47B3-983E-6EBA5FEDEFBE}"
EndProject
Project("{FAE04EC0-301F-11D3-BF4B-00C04F79EFBC}") = "04.04.Step2", "04.04.Step2\04.04.Step2.csproj", "{4BD81B5E-AE08-4910-9466-826EBB9D0B2B}"
EndProject
Project("{FAE04EC0-301F-11D3-BF4B-00C04F79EFBC}") = "04.05.Challenge", "04.05.Challenge\04.05.Challenge.csproj", "{75F42DA4-D159-485E-AF8F-FFE7D1222CA0}"
EndProject
Project("{FAE04EC0-301F-11D3-BF4B-00C04F79EFBC}") = "04.06.Solution", "04.06.Solution\04.06.Solution.csproj", "{D6DCA669-DA5B-4C9F-AFDA-159EF6A98030}"
EndProject
Project("{2150E333-8FDC-42A3-9474-1A3956D46DE8}") = "05.Call methods from the .NET Class Library using CSharp", "05.Call methods from the .NET Class Library using CSharp", "{83C03623-C33D-4390-A3D7-79EAF1C264B6}"
EndProject
Project("{FAE04EC0-301F-11D3-BF4B-00C04F79EFBC}") = "05.03.CallingOfMethodsInTheNETClassLibrary", "05.03.CallingOfMethodsInTheNETClassLibrary\05.03.CallingOfMethodsInTheNETClassLibrary.csproj", "{46098A5F-E499-4DCD-98F7-65FAC1E88E0E}"
EndProject
Project("{FAE04EC0-301F-11D3-BF4B-00C04F79EFBC}") = "05.04.OverloadedMethodsWriteLine", "05.04.OverloadedMethodsWriteLine\05.04.OverloadedMethodsWriteLine.csproj", "{95A67E99-0A84-4F0F-9735-AA59A229B777}"
EndProject
Project("{FAE04EC0-301F-11D3-BF4B-00C04F79EFBC}") = "05.04.OverloadedMethodsRandomNext", "05.04.OverloadedMethodsRandomNext\05.04.OverloadedMethodsRandomNext.csproj", "{EBBF918A-9E5D-49FF-97AD-1C2F95594BB4}"
EndProject
Project("{2150E333-8FDC-42A3-9474-1A3956D46DE8}") = "05.04.Work with return values and input parameters", "05.04.Work with return values and input parameters", "{350CBAD7-E800-4A87-BCC6-2D29DC55C81D}"
EndProject
Project("{FAE04EC0-301F-11D3-BF4B-00C04F79EFBC}") = "05.05.Challenge", "05.05.Challenge\05.05.Challenge.csproj", "{7F1E5C36-06E1-408D-9A91-DC8D9ABAB10E}"
EndProject
Project("{FAE04EC0-301F-11D3-BF4B-00C04F79EFBC}") = "05.06.Solution", "05.06.Solution\05.06.Solution.csproj", "{46ED843A-02D5-4793-8D96-C52B25C7B132}"
EndProject
Project("{2150E333-8FDC-42A3-9474-1A3956D46DE8}") = "06.Add decision logic to your code using `if`, `else`, and `else if` statements in CSharp", "06.Add decision logic to your code using `if`, `else`, and `else if` statements in CSharp", "{E269C26B-20B4-433E-9780-40CDA9AAFBA1}"
EndProject
Project("{2150E333-8FDC-42A3-9474-1A3956D46DE8}") = "06.02.Exercise - Use the if statement", "06.02.Exercise - Use the if statement", "{DC781D58-D655-4F07-B3A8-8B371575ED08}"
EndProject
Project("{FAE04EC0-301F-11D3-BF4B-00C04F79EFBC}") = "06.02.Step1", "06.02.Step1\06.02.Step1.csproj", "{7993B43F-B197-410F-AC22-CAD2C7840925}"
EndProject
Project("{FAE04EC0-301F-11D3-BF4B-00C04F79EFBC}") = "06.02.Step2", "06.02.Step2\06.02.Step2.csproj", "{D26B3A43-3D36-434B-A6A4-602167DC2543}"
EndProject
Project("{FAE04EC0-301F-11D3-BF4B-00C04F79EFBC}") = "06.02.WhatIsABooleanExpression", "06.02.WhatIsABooleanExpression\06.02.WhatIsABooleanExpression.csproj", "{61B246CE-F1D1-46F9-B3F0-AFD0A2F1AB80}"
EndProject
Project("{FAE04EC0-301F-11D3-BF4B-00C04F79EFBC}") = "06.02.Step3", "06.02.Step3\06.02.Step3.csproj", "{20F2DD82-F942-4650-81BC-A8B672E29016}"
EndProject
Project("{FAE04EC0-301F-11D3-BF4B-00C04F79EFBC}") = "06.02.Step4", "06.02.Step4\06.02.Step4.csproj", "{A71223C3-A8E5-4306-A11F-CEDA889DD6F1}"
EndProject
Project("{2150E333-8FDC-42A3-9474-1A3956D46DE8}") = "06.03.Exercise - Use the `else` and `else if` statements", "06.03.Exercise - Use the `else` and `else if` statements", "{50FAD15F-CAE2-4C82-942E-8DB185DE8988}"
EndProject
Project("{FAE04EC0-301F-11D3-BF4B-00C04F79EFBC}") = "06.03.Step1", "06.03.Step1\06.03.Step1.csproj", "{D4B217F7-391B-424D-9640-D22EDF6040BD}"
EndProject
Project("{FAE04EC0-301F-11D3-BF4B-00C04F79EFBC}") = "06.03.Step2", "06.03.Step2\06.03.Step2.csproj", "{EB1FF961-E5C9-4487-A0E0-93D269CC11B1}"
EndProject
Project("{FAE04EC0-301F-11D3-BF4B-00C04F79EFBC}") = "06.03.Step3", "06.03.Step3\06.03.Step3.csproj", "{8A5D043B-4B5C-48D1-8A81-5147C3C9E494}"
EndProject
Project("{FAE04EC0-301F-11D3-BF4B-00C04F79EFBC}") = "06.04.Challenge", "06.04.Challenge\06.04.Challenge.csproj", "{BD24A8DD-6FF5-4E68-91D1-14F82383174B}"
EndProject
Project("{FAE04EC0-301F-11D3-BF4B-00C04F79EFBC}") = "06.05.Solution", "06.05.Solution\06.05.Solution.csproj", "{AA61D6A0-4B37-41CA-9E2D-949C517E8BA8}"
EndProject
Project("{2150E333-8FDC-42A3-9474-1A3956D46DE8}") = "07.Store and iterate through sequences of data using Arrays and the foreach statement in CSharp", "07.Store and iterate through sequences of data using Arrays and the foreach statement in CSharp", "{C9C6D26F-14B3-4784-9C50-34AE71EF4D6E}"
EndProject
Global
	GlobalSection(SolutionConfigurationPlatforms) = preSolution
		Debug|Any CPU = Debug|Any CPU
		Release|Any CPU = Release|Any CPU
	EndGlobalSection
	GlobalSection(ProjectConfigurationPlatforms) = postSolution
		{A667AD92-4E36-4142-A726-D83BA6ADFB0C}.Debug|Any CPU.ActiveCfg = Debug|Any CPU
		{A667AD92-4E36-4142-A726-D83BA6ADFB0C}.Debug|Any CPU.Build.0 = Debug|Any CPU
		{A667AD92-4E36-4142-A726-D83BA6ADFB0C}.Release|Any CPU.ActiveCfg = Release|Any CPU
		{A667AD92-4E36-4142-A726-D83BA6ADFB0C}.Release|Any CPU.Build.0 = Release|Any CPU
		{C70A8288-2B1E-4CBA-97AD-412FC7D86399}.Debug|Any CPU.ActiveCfg = Debug|Any CPU
		{C70A8288-2B1E-4CBA-97AD-412FC7D86399}.Debug|Any CPU.Build.0 = Debug|Any CPU
		{C70A8288-2B1E-4CBA-97AD-412FC7D86399}.Release|Any CPU.ActiveCfg = Release|Any CPU
		{C70A8288-2B1E-4CBA-97AD-412FC7D86399}.Release|Any CPU.Build.0 = Release|Any CPU
		{6C58F1E4-B0C1-41CC-87AB-9F87EEB6C453}.Debug|Any CPU.ActiveCfg = Debug|Any CPU
		{6C58F1E4-B0C1-41CC-87AB-9F87EEB6C453}.Debug|Any CPU.Build.0 = Debug|Any CPU
		{6C58F1E4-B0C1-41CC-87AB-9F87EEB6C453}.Release|Any CPU.ActiveCfg = Release|Any CPU
		{6C58F1E4-B0C1-41CC-87AB-9F87EEB6C453}.Release|Any CPU.Build.0 = Release|Any CPU
		{5744CA97-044B-4FB9-A276-FF0436ECD80B}.Debug|Any CPU.ActiveCfg = Debug|Any CPU
		{5744CA97-044B-4FB9-A276-FF0436ECD80B}.Debug|Any CPU.Build.0 = Debug|Any CPU
		{5744CA97-044B-4FB9-A276-FF0436ECD80B}.Release|Any CPU.ActiveCfg = Release|Any CPU
		{5744CA97-044B-4FB9-A276-FF0436ECD80B}.Release|Any CPU.Build.0 = Release|Any CPU
		{3B8BF7F1-FDF8-484C-B979-C1E71F12B548}.Debug|Any CPU.ActiveCfg = Debug|Any CPU
		{3B8BF7F1-FDF8-484C-B979-C1E71F12B548}.Debug|Any CPU.Build.0 = Debug|Any CPU
		{3B8BF7F1-FDF8-484C-B979-C1E71F12B548}.Release|Any CPU.ActiveCfg = Release|Any CPU
		{3B8BF7F1-FDF8-484C-B979-C1E71F12B548}.Release|Any CPU.Build.0 = Release|Any CPU
		{DD7FFC7C-1528-450C-8349-E5C31941239B}.Debug|Any CPU.ActiveCfg = Debug|Any CPU
		{DD7FFC7C-1528-450C-8349-E5C31941239B}.Debug|Any CPU.Build.0 = Debug|Any CPU
		{DD7FFC7C-1528-450C-8349-E5C31941239B}.Release|Any CPU.ActiveCfg = Release|Any CPU
		{DD7FFC7C-1528-450C-8349-E5C31941239B}.Release|Any CPU.Build.0 = Release|Any CPU
		{624104CF-3D8F-487C-9307-AB13BF9E0716}.Debug|Any CPU.ActiveCfg = Debug|Any CPU
		{624104CF-3D8F-487C-9307-AB13BF9E0716}.Debug|Any CPU.Build.0 = Debug|Any CPU
		{624104CF-3D8F-487C-9307-AB13BF9E0716}.Release|Any CPU.ActiveCfg = Release|Any CPU
		{624104CF-3D8F-487C-9307-AB13BF9E0716}.Release|Any CPU.Build.0 = Release|Any CPU
		{B63E4517-0773-4F15-9CB4-F97CD18F111D}.Debug|Any CPU.ActiveCfg = Debug|Any CPU
		{B63E4517-0773-4F15-9CB4-F97CD18F111D}.Debug|Any CPU.Build.0 = Debug|Any CPU
		{B63E4517-0773-4F15-9CB4-F97CD18F111D}.Release|Any CPU.ActiveCfg = Release|Any CPU
		{B63E4517-0773-4F15-9CB4-F97CD18F111D}.Release|Any CPU.Build.0 = Release|Any CPU
		{618D2848-8904-4ED1-81A3-A9A41D9E15EC}.Debug|Any CPU.ActiveCfg = Debug|Any CPU
		{618D2848-8904-4ED1-81A3-A9A41D9E15EC}.Debug|Any CPU.Build.0 = Debug|Any CPU
		{618D2848-8904-4ED1-81A3-A9A41D9E15EC}.Release|Any CPU.ActiveCfg = Release|Any CPU
		{618D2848-8904-4ED1-81A3-A9A41D9E15EC}.Release|Any CPU.Build.0 = Release|Any CPU
		{276A692B-6722-4432-8674-AAD248824A44}.Debug|Any CPU.ActiveCfg = Debug|Any CPU
		{276A692B-6722-4432-8674-AAD248824A44}.Debug|Any CPU.Build.0 = Debug|Any CPU
		{276A692B-6722-4432-8674-AAD248824A44}.Release|Any CPU.ActiveCfg = Release|Any CPU
		{276A692B-6722-4432-8674-AAD248824A44}.Release|Any CPU.Build.0 = Release|Any CPU
		{93B72B3D-BEB3-4509-860F-C746CB918384}.Debug|Any CPU.ActiveCfg = Debug|Any CPU
		{93B72B3D-BEB3-4509-860F-C746CB918384}.Debug|Any CPU.Build.0 = Debug|Any CPU
		{93B72B3D-BEB3-4509-860F-C746CB918384}.Release|Any CPU.ActiveCfg = Release|Any CPU
		{93B72B3D-BEB3-4509-860F-C746CB918384}.Release|Any CPU.Build.0 = Release|Any CPU
		{F96C3289-019E-4FE1-87F1-2D7BC7B75CBF}.Debug|Any CPU.ActiveCfg = Debug|Any CPU
		{F96C3289-019E-4FE1-87F1-2D7BC7B75CBF}.Debug|Any CPU.Build.0 = Debug|Any CPU
		{F96C3289-019E-4FE1-87F1-2D7BC7B75CBF}.Release|Any CPU.ActiveCfg = Release|Any CPU
		{F96C3289-019E-4FE1-87F1-2D7BC7B75CBF}.Release|Any CPU.Build.0 = Release|Any CPU
		{B35B680B-3CFE-4AE9-803F-BCB43966EA8F}.Debug|Any CPU.ActiveCfg = Debug|Any CPU
		{B35B680B-3CFE-4AE9-803F-BCB43966EA8F}.Debug|Any CPU.Build.0 = Debug|Any CPU
		{B35B680B-3CFE-4AE9-803F-BCB43966EA8F}.Release|Any CPU.ActiveCfg = Release|Any CPU
		{B35B680B-3CFE-4AE9-803F-BCB43966EA8F}.Release|Any CPU.Build.0 = Release|Any CPU
		{FAA5871A-88B1-462F-97EF-1F105C70AEC6}.Debug|Any CPU.ActiveCfg = Debug|Any CPU
		{FAA5871A-88B1-462F-97EF-1F105C70AEC6}.Debug|Any CPU.Build.0 = Debug|Any CPU
		{FAA5871A-88B1-462F-97EF-1F105C70AEC6}.Release|Any CPU.ActiveCfg = Release|Any CPU
		{FAA5871A-88B1-462F-97EF-1F105C70AEC6}.Release|Any CPU.Build.0 = Release|Any CPU
		{FAB1CED2-6101-49C1-8E28-92AE2B19EA47}.Debug|Any CPU.ActiveCfg = Debug|Any CPU
		{FAB1CED2-6101-49C1-8E28-92AE2B19EA47}.Debug|Any CPU.Build.0 = Debug|Any CPU
		{FAB1CED2-6101-49C1-8E28-92AE2B19EA47}.Release|Any CPU.ActiveCfg = Release|Any CPU
		{FAB1CED2-6101-49C1-8E28-92AE2B19EA47}.Release|Any CPU.Build.0 = Release|Any CPU
		{04F315CB-05BF-4BCF-8F0E-B6662C335EA2}.Debug|Any CPU.ActiveCfg = Debug|Any CPU
		{04F315CB-05BF-4BCF-8F0E-B6662C335EA2}.Debug|Any CPU.Build.0 = Debug|Any CPU
		{04F315CB-05BF-4BCF-8F0E-B6662C335EA2}.Release|Any CPU.ActiveCfg = Release|Any CPU
		{04F315CB-05BF-4BCF-8F0E-B6662C335EA2}.Release|Any CPU.Build.0 = Release|Any CPU
		{2F99B182-D0ED-4017-9170-C8CB78F13C0A}.Debug|Any CPU.ActiveCfg = Debug|Any CPU
		{2F99B182-D0ED-4017-9170-C8CB78F13C0A}.Debug|Any CPU.Build.0 = Debug|Any CPU
		{2F99B182-D0ED-4017-9170-C8CB78F13C0A}.Release|Any CPU.ActiveCfg = Release|Any CPU
		{2F99B182-D0ED-4017-9170-C8CB78F13C0A}.Release|Any CPU.Build.0 = Release|Any CPU
		{D2B57C44-C024-4FB1-9313-A3B1E9DF2211}.Debug|Any CPU.ActiveCfg = Debug|Any CPU
		{D2B57C44-C024-4FB1-9313-A3B1E9DF2211}.Debug|Any CPU.Build.0 = Debug|Any CPU
		{D2B57C44-C024-4FB1-9313-A3B1E9DF2211}.Release|Any CPU.ActiveCfg = Release|Any CPU
		{D2B57C44-C024-4FB1-9313-A3B1E9DF2211}.Release|Any CPU.Build.0 = Release|Any CPU
		{5BBC31ED-0EA7-4368-AA5B-E80E540572B5}.Debug|Any CPU.ActiveCfg = Debug|Any CPU
		{5BBC31ED-0EA7-4368-AA5B-E80E540572B5}.Debug|Any CPU.Build.0 = Debug|Any CPU
		{5BBC31ED-0EA7-4368-AA5B-E80E540572B5}.Release|Any CPU.ActiveCfg = Release|Any CPU
		{5BBC31ED-0EA7-4368-AA5B-E80E540572B5}.Release|Any CPU.Build.0 = Release|Any CPU
		{16D8EE38-80CB-4CFC-BA65-1F5A43D063B2}.Debug|Any CPU.ActiveCfg = Debug|Any CPU
		{16D8EE38-80CB-4CFC-BA65-1F5A43D063B2}.Debug|Any CPU.Build.0 = Debug|Any CPU
		{16D8EE38-80CB-4CFC-BA65-1F5A43D063B2}.Release|Any CPU.ActiveCfg = Release|Any CPU
		{16D8EE38-80CB-4CFC-BA65-1F5A43D063B2}.Release|Any CPU.Build.0 = Release|Any CPU
		{205CC2A8-27D2-42B6-9025-56AAB71EFE69}.Debug|Any CPU.ActiveCfg = Debug|Any CPU
		{205CC2A8-27D2-42B6-9025-56AAB71EFE69}.Debug|Any CPU.Build.0 = Debug|Any CPU
		{205CC2A8-27D2-42B6-9025-56AAB71EFE69}.Release|Any CPU.ActiveCfg = Release|Any CPU
		{205CC2A8-27D2-42B6-9025-56AAB71EFE69}.Release|Any CPU.Build.0 = Release|Any CPU
		{72E35D6A-8A05-468D-917C-D6C60597F9CB}.Debug|Any CPU.ActiveCfg = Debug|Any CPU
		{72E35D6A-8A05-468D-917C-D6C60597F9CB}.Debug|Any CPU.Build.0 = Debug|Any CPU
		{72E35D6A-8A05-468D-917C-D6C60597F9CB}.Release|Any CPU.ActiveCfg = Release|Any CPU
		{72E35D6A-8A05-468D-917C-D6C60597F9CB}.Release|Any CPU.Build.0 = Release|Any CPU
		{9399C49A-9CF6-4B09-A05D-75CCDEA51443}.Debug|Any CPU.ActiveCfg = Debug|Any CPU
		{9399C49A-9CF6-4B09-A05D-75CCDEA51443}.Debug|Any CPU.Build.0 = Debug|Any CPU
		{9399C49A-9CF6-4B09-A05D-75CCDEA51443}.Release|Any CPU.ActiveCfg = Release|Any CPU
		{9399C49A-9CF6-4B09-A05D-75CCDEA51443}.Release|Any CPU.Build.0 = Release|Any CPU
		{53413455-54E6-4808-B329-21AE9D89ECFB}.Debug|Any CPU.ActiveCfg = Debug|Any CPU
		{53413455-54E6-4808-B329-21AE9D89ECFB}.Debug|Any CPU.Build.0 = Debug|Any CPU
		{53413455-54E6-4808-B329-21AE9D89ECFB}.Release|Any CPU.ActiveCfg = Release|Any CPU
		{53413455-54E6-4808-B329-21AE9D89ECFB}.Release|Any CPU.Build.0 = Release|Any CPU
		{AEAB1E3C-28CA-43DB-AF93-75EB027BD990}.Debug|Any CPU.ActiveCfg = Debug|Any CPU
		{AEAB1E3C-28CA-43DB-AF93-75EB027BD990}.Debug|Any CPU.Build.0 = Debug|Any CPU
		{AEAB1E3C-28CA-43DB-AF93-75EB027BD990}.Release|Any CPU.ActiveCfg = Release|Any CPU
		{AEAB1E3C-28CA-43DB-AF93-75EB027BD990}.Release|Any CPU.Build.0 = Release|Any CPU
		{590C65AD-5CE7-4747-8FEC-9C24C001B800}.Debug|Any CPU.ActiveCfg = Debug|Any CPU
		{590C65AD-5CE7-4747-8FEC-9C24C001B800}.Debug|Any CPU.Build.0 = Debug|Any CPU
		{590C65AD-5CE7-4747-8FEC-9C24C001B800}.Release|Any CPU.ActiveCfg = Release|Any CPU
		{590C65AD-5CE7-4747-8FEC-9C24C001B800}.Release|Any CPU.Build.0 = Release|Any CPU
		{72017693-1E01-453F-B63C-553C7BA657F0}.Debug|Any CPU.ActiveCfg = Debug|Any CPU
		{72017693-1E01-453F-B63C-553C7BA657F0}.Debug|Any CPU.Build.0 = Debug|Any CPU
		{72017693-1E01-453F-B63C-553C7BA657F0}.Release|Any CPU.ActiveCfg = Release|Any CPU
		{72017693-1E01-453F-B63C-553C7BA657F0}.Release|Any CPU.Build.0 = Release|Any CPU
		{43173E6A-4514-4B13-AF0B-B27920B6A958}.Debug|Any CPU.ActiveCfg = Debug|Any CPU
		{43173E6A-4514-4B13-AF0B-B27920B6A958}.Debug|Any CPU.Build.0 = Debug|Any CPU
		{43173E6A-4514-4B13-AF0B-B27920B6A958}.Release|Any CPU.ActiveCfg = Release|Any CPU
		{43173E6A-4514-4B13-AF0B-B27920B6A958}.Release|Any CPU.Build.0 = Release|Any CPU
		{BA98B551-85FD-4365-8EB1-5165D93AE00E}.Debug|Any CPU.ActiveCfg = Debug|Any CPU
		{BA98B551-85FD-4365-8EB1-5165D93AE00E}.Debug|Any CPU.Build.0 = Debug|Any CPU
		{BA98B551-85FD-4365-8EB1-5165D93AE00E}.Release|Any CPU.ActiveCfg = Release|Any CPU
		{BA98B551-85FD-4365-8EB1-5165D93AE00E}.Release|Any CPU.Build.0 = Release|Any CPU
		{122F8CEB-F293-42DA-B1D7-7C91CBE42177}.Debug|Any CPU.ActiveCfg = Debug|Any CPU
		{122F8CEB-F293-42DA-B1D7-7C91CBE42177}.Debug|Any CPU.Build.0 = Debug|Any CPU
		{122F8CEB-F293-42DA-B1D7-7C91CBE42177}.Release|Any CPU.ActiveCfg = Release|Any CPU
		{122F8CEB-F293-42DA-B1D7-7C91CBE42177}.Release|Any CPU.Build.0 = Release|Any CPU
		{413256FD-0D05-4E70-9D90-B1A39BF3720F}.Debug|Any CPU.ActiveCfg = Debug|Any CPU
		{413256FD-0D05-4E70-9D90-B1A39BF3720F}.Debug|Any CPU.Build.0 = Debug|Any CPU
		{413256FD-0D05-4E70-9D90-B1A39BF3720F}.Release|Any CPU.ActiveCfg = Release|Any CPU
		{413256FD-0D05-4E70-9D90-B1A39BF3720F}.Release|Any CPU.Build.0 = Release|Any CPU
		{A4133125-464D-4E9F-800A-79AE4113C406}.Debug|Any CPU.ActiveCfg = Debug|Any CPU
		{A4133125-464D-4E9F-800A-79AE4113C406}.Debug|Any CPU.Build.0 = Debug|Any CPU
		{A4133125-464D-4E9F-800A-79AE4113C406}.Release|Any CPU.ActiveCfg = Release|Any CPU
		{A4133125-464D-4E9F-800A-79AE4113C406}.Release|Any CPU.Build.0 = Release|Any CPU
		{E19D98F2-998C-44EF-95E1-D78F90426B5F}.Debug|Any CPU.ActiveCfg = Debug|Any CPU
		{E19D98F2-998C-44EF-95E1-D78F90426B5F}.Debug|Any CPU.Build.0 = Debug|Any CPU
		{E19D98F2-998C-44EF-95E1-D78F90426B5F}.Release|Any CPU.ActiveCfg = Release|Any CPU
		{E19D98F2-998C-44EF-95E1-D78F90426B5F}.Release|Any CPU.Build.0 = Release|Any CPU
		{D1883FD4-C47F-4E74-86A0-8AE130431171}.Debug|Any CPU.ActiveCfg = Debug|Any CPU
		{D1883FD4-C47F-4E74-86A0-8AE130431171}.Debug|Any CPU.Build.0 = Debug|Any CPU
		{D1883FD4-C47F-4E74-86A0-8AE130431171}.Release|Any CPU.ActiveCfg = Release|Any CPU
		{D1883FD4-C47F-4E74-86A0-8AE130431171}.Release|Any CPU.Build.0 = Release|Any CPU
		{C9F46ACA-D417-4A21-BEDA-E6ABDEC468CC}.Debug|Any CPU.ActiveCfg = Debug|Any CPU
		{C9F46ACA-D417-4A21-BEDA-E6ABDEC468CC}.Debug|Any CPU.Build.0 = Debug|Any CPU
		{C9F46ACA-D417-4A21-BEDA-E6ABDEC468CC}.Release|Any CPU.ActiveCfg = Release|Any CPU
		{C9F46ACA-D417-4A21-BEDA-E6ABDEC468CC}.Release|Any CPU.Build.0 = Release|Any CPU
		{979CD550-71F3-4C14-B3EF-9313F4C33CC8}.Debug|Any CPU.ActiveCfg = Debug|Any CPU
		{979CD550-71F3-4C14-B3EF-9313F4C33CC8}.Debug|Any CPU.Build.0 = Debug|Any CPU
		{979CD550-71F3-4C14-B3EF-9313F4C33CC8}.Release|Any CPU.ActiveCfg = Release|Any CPU
		{979CD550-71F3-4C14-B3EF-9313F4C33CC8}.Release|Any CPU.Build.0 = Release|Any CPU
		{AF988ECE-2CB2-4E50-AFD7-620F83CF46B2}.Debug|Any CPU.ActiveCfg = Debug|Any CPU
		{AF988ECE-2CB2-4E50-AFD7-620F83CF46B2}.Debug|Any CPU.Build.0 = Debug|Any CPU
		{AF988ECE-2CB2-4E50-AFD7-620F83CF46B2}.Release|Any CPU.ActiveCfg = Release|Any CPU
		{AF988ECE-2CB2-4E50-AFD7-620F83CF46B2}.Release|Any CPU.Build.0 = Release|Any CPU
		{99C79D52-4F24-4D51-AFD7-6CA217FE325F}.Debug|Any CPU.ActiveCfg = Debug|Any CPU
		{99C79D52-4F24-4D51-AFD7-6CA217FE325F}.Debug|Any CPU.Build.0 = Debug|Any CPU
		{99C79D52-4F24-4D51-AFD7-6CA217FE325F}.Release|Any CPU.ActiveCfg = Release|Any CPU
		{99C79D52-4F24-4D51-AFD7-6CA217FE325F}.Release|Any CPU.Build.0 = Release|Any CPU
		{04B588FB-F2A8-45CA-B6C8-99F79F25169C}.Debug|Any CPU.ActiveCfg = Debug|Any CPU
		{04B588FB-F2A8-45CA-B6C8-99F79F25169C}.Debug|Any CPU.Build.0 = Debug|Any CPU
		{04B588FB-F2A8-45CA-B6C8-99F79F25169C}.Release|Any CPU.ActiveCfg = Release|Any CPU
		{04B588FB-F2A8-45CA-B6C8-99F79F25169C}.Release|Any CPU.Build.0 = Release|Any CPU
		{180268B4-243A-4B8D-89DC-95682909FBCE}.Debug|Any CPU.ActiveCfg = Debug|Any CPU
		{180268B4-243A-4B8D-89DC-95682909FBCE}.Debug|Any CPU.Build.0 = Debug|Any CPU
		{180268B4-243A-4B8D-89DC-95682909FBCE}.Release|Any CPU.ActiveCfg = Release|Any CPU
		{180268B4-243A-4B8D-89DC-95682909FBCE}.Release|Any CPU.Build.0 = Release|Any CPU
		{ADEBD749-A139-408F-B13D-BDD95C5DE37C}.Debug|Any CPU.ActiveCfg = Debug|Any CPU
		{ADEBD749-A139-408F-B13D-BDD95C5DE37C}.Debug|Any CPU.Build.0 = Debug|Any CPU
		{ADEBD749-A139-408F-B13D-BDD95C5DE37C}.Release|Any CPU.ActiveCfg = Release|Any CPU
		{ADEBD749-A139-408F-B13D-BDD95C5DE37C}.Release|Any CPU.Build.0 = Release|Any CPU
		{3EACE6ED-E6AB-4707-B2AF-0925F467C44B}.Debug|Any CPU.ActiveCfg = Debug|Any CPU
		{3EACE6ED-E6AB-4707-B2AF-0925F467C44B}.Debug|Any CPU.Build.0 = Debug|Any CPU
		{3EACE6ED-E6AB-4707-B2AF-0925F467C44B}.Release|Any CPU.ActiveCfg = Release|Any CPU
		{3EACE6ED-E6AB-4707-B2AF-0925F467C44B}.Release|Any CPU.Build.0 = Release|Any CPU
		{7EECBCA8-A19C-4A7C-AEE6-C58690139CD0}.Debug|Any CPU.ActiveCfg = Debug|Any CPU
		{7EECBCA8-A19C-4A7C-AEE6-C58690139CD0}.Debug|Any CPU.Build.0 = Debug|Any CPU
		{7EECBCA8-A19C-4A7C-AEE6-C58690139CD0}.Release|Any CPU.ActiveCfg = Release|Any CPU
		{7EECBCA8-A19C-4A7C-AEE6-C58690139CD0}.Release|Any CPU.Build.0 = Release|Any CPU
		{F064A241-DE33-4106-B435-C6EB9499237A}.Debug|Any CPU.ActiveCfg = Debug|Any CPU
		{F064A241-DE33-4106-B435-C6EB9499237A}.Debug|Any CPU.Build.0 = Debug|Any CPU
		{F064A241-DE33-4106-B435-C6EB9499237A}.Release|Any CPU.ActiveCfg = Release|Any CPU
		{F064A241-DE33-4106-B435-C6EB9499237A}.Release|Any CPU.Build.0 = Release|Any CPU
		{060787D0-1A8C-49B7-A016-E42292672ABF}.Debug|Any CPU.ActiveCfg = Debug|Any CPU
		{060787D0-1A8C-49B7-A016-E42292672ABF}.Debug|Any CPU.Build.0 = Debug|Any CPU
		{060787D0-1A8C-49B7-A016-E42292672ABF}.Release|Any CPU.ActiveCfg = Release|Any CPU
		{060787D0-1A8C-49B7-A016-E42292672ABF}.Release|Any CPU.Build.0 = Release|Any CPU
		{10FA121B-9276-47B3-983E-6EBA5FEDEFBE}.Debug|Any CPU.ActiveCfg = Debug|Any CPU
		{10FA121B-9276-47B3-983E-6EBA5FEDEFBE}.Debug|Any CPU.Build.0 = Debug|Any CPU
		{10FA121B-9276-47B3-983E-6EBA5FEDEFBE}.Release|Any CPU.ActiveCfg = Release|Any CPU
		{10FA121B-9276-47B3-983E-6EBA5FEDEFBE}.Release|Any CPU.Build.0 = Release|Any CPU
		{4BD81B5E-AE08-4910-9466-826EBB9D0B2B}.Debug|Any CPU.ActiveCfg = Debug|Any CPU
		{4BD81B5E-AE08-4910-9466-826EBB9D0B2B}.Debug|Any CPU.Build.0 = Debug|Any CPU
		{4BD81B5E-AE08-4910-9466-826EBB9D0B2B}.Release|Any CPU.ActiveCfg = Release|Any CPU
		{4BD81B5E-AE08-4910-9466-826EBB9D0B2B}.Release|Any CPU.Build.0 = Release|Any CPU
		{75F42DA4-D159-485E-AF8F-FFE7D1222CA0}.Debug|Any CPU.ActiveCfg = Debug|Any CPU
		{75F42DA4-D159-485E-AF8F-FFE7D1222CA0}.Debug|Any CPU.Build.0 = Debug|Any CPU
		{75F42DA4-D159-485E-AF8F-FFE7D1222CA0}.Release|Any CPU.ActiveCfg = Release|Any CPU
		{75F42DA4-D159-485E-AF8F-FFE7D1222CA0}.Release|Any CPU.Build.0 = Release|Any CPU
		{D6DCA669-DA5B-4C9F-AFDA-159EF6A98030}.Debug|Any CPU.ActiveCfg = Debug|Any CPU
		{D6DCA669-DA5B-4C9F-AFDA-159EF6A98030}.Debug|Any CPU.Build.0 = Debug|Any CPU
		{D6DCA669-DA5B-4C9F-AFDA-159EF6A98030}.Release|Any CPU.ActiveCfg = Release|Any CPU
		{D6DCA669-DA5B-4C9F-AFDA-159EF6A98030}.Release|Any CPU.Build.0 = Release|Any CPU
		{46098A5F-E499-4DCD-98F7-65FAC1E88E0E}.Debug|Any CPU.ActiveCfg = Debug|Any CPU
		{46098A5F-E499-4DCD-98F7-65FAC1E88E0E}.Debug|Any CPU.Build.0 = Debug|Any CPU
		{46098A5F-E499-4DCD-98F7-65FAC1E88E0E}.Release|Any CPU.ActiveCfg = Release|Any CPU
		{46098A5F-E499-4DCD-98F7-65FAC1E88E0E}.Release|Any CPU.Build.0 = Release|Any CPU
		{95A67E99-0A84-4F0F-9735-AA59A229B777}.Debug|Any CPU.ActiveCfg = Debug|Any CPU
		{95A67E99-0A84-4F0F-9735-AA59A229B777}.Debug|Any CPU.Build.0 = Debug|Any CPU
		{95A67E99-0A84-4F0F-9735-AA59A229B777}.Release|Any CPU.ActiveCfg = Release|Any CPU
		{95A67E99-0A84-4F0F-9735-AA59A229B777}.Release|Any CPU.Build.0 = Release|Any CPU
		{EBBF918A-9E5D-49FF-97AD-1C2F95594BB4}.Debug|Any CPU.ActiveCfg = Debug|Any CPU
		{EBBF918A-9E5D-49FF-97AD-1C2F95594BB4}.Debug|Any CPU.Build.0 = Debug|Any CPU
		{EBBF918A-9E5D-49FF-97AD-1C2F95594BB4}.Release|Any CPU.ActiveCfg = Release|Any CPU
		{EBBF918A-9E5D-49FF-97AD-1C2F95594BB4}.Release|Any CPU.Build.0 = Release|Any CPU
		{7F1E5C36-06E1-408D-9A91-DC8D9ABAB10E}.Debug|Any CPU.ActiveCfg = Debug|Any CPU
		{7F1E5C36-06E1-408D-9A91-DC8D9ABAB10E}.Debug|Any CPU.Build.0 = Debug|Any CPU
		{7F1E5C36-06E1-408D-9A91-DC8D9ABAB10E}.Release|Any CPU.ActiveCfg = Release|Any CPU
		{7F1E5C36-06E1-408D-9A91-DC8D9ABAB10E}.Release|Any CPU.Build.0 = Release|Any CPU
		{46ED843A-02D5-4793-8D96-C52B25C7B132}.Debug|Any CPU.ActiveCfg = Debug|Any CPU
		{46ED843A-02D5-4793-8D96-C52B25C7B132}.Debug|Any CPU.Build.0 = Debug|Any CPU
		{46ED843A-02D5-4793-8D96-C52B25C7B132}.Release|Any CPU.ActiveCfg = Release|Any CPU
		{46ED843A-02D5-4793-8D96-C52B25C7B132}.Release|Any CPU.Build.0 = Release|Any CPU
		{7993B43F-B197-410F-AC22-CAD2C7840925}.Debug|Any CPU.ActiveCfg = Debug|Any CPU
		{7993B43F-B197-410F-AC22-CAD2C7840925}.Debug|Any CPU.Build.0 = Debug|Any CPU
		{7993B43F-B197-410F-AC22-CAD2C7840925}.Release|Any CPU.ActiveCfg = Release|Any CPU
		{7993B43F-B197-410F-AC22-CAD2C7840925}.Release|Any CPU.Build.0 = Release|Any CPU
		{D26B3A43-3D36-434B-A6A4-602167DC2543}.Debug|Any CPU.ActiveCfg = Debug|Any CPU
		{D26B3A43-3D36-434B-A6A4-602167DC2543}.Debug|Any CPU.Build.0 = Debug|Any CPU
		{D26B3A43-3D36-434B-A6A4-602167DC2543}.Release|Any CPU.ActiveCfg = Release|Any CPU
		{D26B3A43-3D36-434B-A6A4-602167DC2543}.Release|Any CPU.Build.0 = Release|Any CPU
		{61B246CE-F1D1-46F9-B3F0-AFD0A2F1AB80}.Debug|Any CPU.ActiveCfg = Debug|Any CPU
		{61B246CE-F1D1-46F9-B3F0-AFD0A2F1AB80}.Debug|Any CPU.Build.0 = Debug|Any CPU
		{61B246CE-F1D1-46F9-B3F0-AFD0A2F1AB80}.Release|Any CPU.ActiveCfg = Release|Any CPU
		{61B246CE-F1D1-46F9-B3F0-AFD0A2F1AB80}.Release|Any CPU.Build.0 = Release|Any CPU
		{20F2DD82-F942-4650-81BC-A8B672E29016}.Debug|Any CPU.ActiveCfg = Debug|Any CPU
		{20F2DD82-F942-4650-81BC-A8B672E29016}.Debug|Any CPU.Build.0 = Debug|Any CPU
		{20F2DD82-F942-4650-81BC-A8B672E29016}.Release|Any CPU.ActiveCfg = Release|Any CPU
		{20F2DD82-F942-4650-81BC-A8B672E29016}.Release|Any CPU.Build.0 = Release|Any CPU
		{A71223C3-A8E5-4306-A11F-CEDA889DD6F1}.Debug|Any CPU.ActiveCfg = Debug|Any CPU
		{A71223C3-A8E5-4306-A11F-CEDA889DD6F1}.Debug|Any CPU.Build.0 = Debug|Any CPU
		{A71223C3-A8E5-4306-A11F-CEDA889DD6F1}.Release|Any CPU.ActiveCfg = Release|Any CPU
		{A71223C3-A8E5-4306-A11F-CEDA889DD6F1}.Release|Any CPU.Build.0 = Release|Any CPU
		{D4B217F7-391B-424D-9640-D22EDF6040BD}.Debug|Any CPU.ActiveCfg = Debug|Any CPU
		{D4B217F7-391B-424D-9640-D22EDF6040BD}.Debug|Any CPU.Build.0 = Debug|Any CPU
		{D4B217F7-391B-424D-9640-D22EDF6040BD}.Release|Any CPU.ActiveCfg = Release|Any CPU
		{D4B217F7-391B-424D-9640-D22EDF6040BD}.Release|Any CPU.Build.0 = Release|Any CPU
		{EB1FF961-E5C9-4487-A0E0-93D269CC11B1}.Debug|Any CPU.ActiveCfg = Debug|Any CPU
		{EB1FF961-E5C9-4487-A0E0-93D269CC11B1}.Debug|Any CPU.Build.0 = Debug|Any CPU
		{EB1FF961-E5C9-4487-A0E0-93D269CC11B1}.Release|Any CPU.ActiveCfg = Release|Any CPU
		{EB1FF961-E5C9-4487-A0E0-93D269CC11B1}.Release|Any CPU.Build.0 = Release|Any CPU
		{8A5D043B-4B5C-48D1-8A81-5147C3C9E494}.Debug|Any CPU.ActiveCfg = Debug|Any CPU
		{8A5D043B-4B5C-48D1-8A81-5147C3C9E494}.Debug|Any CPU.Build.0 = Debug|Any CPU
		{8A5D043B-4B5C-48D1-8A81-5147C3C9E494}.Release|Any CPU.ActiveCfg = Release|Any CPU
		{8A5D043B-4B5C-48D1-8A81-5147C3C9E494}.Release|Any CPU.Build.0 = Release|Any CPU
		{BD24A8DD-6FF5-4E68-91D1-14F82383174B}.Debug|Any CPU.ActiveCfg = Debug|Any CPU
		{BD24A8DD-6FF5-4E68-91D1-14F82383174B}.Debug|Any CPU.Build.0 = Debug|Any CPU
		{BD24A8DD-6FF5-4E68-91D1-14F82383174B}.Release|Any CPU.ActiveCfg = Release|Any CPU
		{BD24A8DD-6FF5-4E68-91D1-14F82383174B}.Release|Any CPU.Build.0 = Release|Any CPU
		{AA61D6A0-4B37-41CA-9E2D-949C517E8BA8}.Debug|Any CPU.ActiveCfg = Debug|Any CPU
		{AA61D6A0-4B37-41CA-9E2D-949C517E8BA8}.Debug|Any CPU.Build.0 = Debug|Any CPU
		{AA61D6A0-4B37-41CA-9E2D-949C517E8BA8}.Release|Any CPU.ActiveCfg = Release|Any CPU
		{AA61D6A0-4B37-41CA-9E2D-949C517E8BA8}.Release|Any CPU.Build.0 = Release|Any CPU
	EndGlobalSection
	GlobalSection(SolutionProperties) = preSolution
		HideSolutionNode = FALSE
	EndGlobalSection
	GlobalSection(NestedProjects) = preSolution
		{A667AD92-4E36-4142-A726-D83BA6ADFB0C} = {79329763-CB2F-4455-A348-55CBC5B880C1}
		{C70A8288-2B1E-4CBA-97AD-412FC7D86399} = {79329763-CB2F-4455-A348-55CBC5B880C1}
		{6C58F1E4-B0C1-41CC-87AB-9F87EEB6C453} = {E7748280-B75D-400A-A8F7-A5C12BC46A9F}
		{5744CA97-044B-4FB9-A276-FF0436ECD80B} = {E7748280-B75D-400A-A8F7-A5C12BC46A9F}
		{3B8BF7F1-FDF8-484C-B979-C1E71F12B548} = {E7748280-B75D-400A-A8F7-A5C12BC46A9F}
		{DD7FFC7C-1528-450C-8349-E5C31941239B} = {E7E11A08-558C-4EAD-8206-1E4CED3948CF}
		{624104CF-3D8F-487C-9307-AB13BF9E0716} = {E7E11A08-558C-4EAD-8206-1E4CED3948CF}
		{B63E4517-0773-4F15-9CB4-F97CD18F111D} = {E7E11A08-558C-4EAD-8206-1E4CED3948CF}
		{618D2848-8904-4ED1-81A3-A9A41D9E15EC} = {E7E11A08-558C-4EAD-8206-1E4CED3948CF}
		{276A692B-6722-4432-8674-AAD248824A44} = {E7E11A08-558C-4EAD-8206-1E4CED3948CF}
		{93B72B3D-BEB3-4509-860F-C746CB918384} = {7CEB6DA0-60EC-453D-82E1-004827A9AC83}
		{F96C3289-019E-4FE1-87F1-2D7BC7B75CBF} = {7CEB6DA0-60EC-453D-82E1-004827A9AC83}
		{B35B680B-3CFE-4AE9-803F-BCB43966EA8F} = {62C1D873-BEDC-4E52-8588-07AE1B1F84AC}
		{FAA5871A-88B1-462F-97EF-1F105C70AEC6} = {62C1D873-BEDC-4E52-8588-07AE1B1F84AC}
		{FAB1CED2-6101-49C1-8E28-92AE2B19EA47} = {62C1D873-BEDC-4E52-8588-07AE1B1F84AC}
		{04F315CB-05BF-4BCF-8F0E-B6662C335EA2} = {62C1D873-BEDC-4E52-8588-07AE1B1F84AC}
		{2F99B182-D0ED-4017-9170-C8CB78F13C0A} = {878B2709-4595-4551-990B-BE94F6501CEA}
		{D2B57C44-C024-4FB1-9313-A3B1E9DF2211} = {ACDA9DE4-CE96-45CE-B5FC-F74B206FFD95}
		{5BBC31ED-0EA7-4368-AA5B-E80E540572B5} = {ACDA9DE4-CE96-45CE-B5FC-F74B206FFD95}
		{16D8EE38-80CB-4CFC-BA65-1F5A43D063B2} = {878B2709-4595-4551-990B-BE94F6501CEA}
		{205CC2A8-27D2-42B6-9025-56AAB71EFE69} = {323C146B-A11F-4C96-8636-BAAF77DBDA62}
		{72E35D6A-8A05-468D-917C-D6C60597F9CB} = {323C146B-A11F-4C96-8636-BAAF77DBDA62}
		{9399C49A-9CF6-4B09-A05D-75CCDEA51443} = {323C146B-A11F-4C96-8636-BAAF77DBDA62}
		{53413455-54E6-4808-B329-21AE9D89ECFB} = {323C146B-A11F-4C96-8636-BAAF77DBDA62}
		{AEAB1E3C-28CA-43DB-AF93-75EB027BD990} = {323C146B-A11F-4C96-8636-BAAF77DBDA62}
		{590C65AD-5CE7-4747-8FEC-9C24C001B800} = {323C146B-A11F-4C96-8636-BAAF77DBDA62}
		{72017693-1E01-453F-B63C-553C7BA657F0} = {78F7FF82-064B-4FCB-A9C3-04A6D8559CEA}
		{43173E6A-4514-4B13-AF0B-B27920B6A958} = {78F7FF82-064B-4FCB-A9C3-04A6D8559CEA}
		{BA98B551-85FD-4365-8EB1-5165D93AE00E} = {78F7FF82-064B-4FCB-A9C3-04A6D8559CEA}
		{122F8CEB-F293-42DA-B1D7-7C91CBE42177} = {B52EC512-B2BE-4700-974C-88CBAA8D3BAD}
		{413256FD-0D05-4E70-9D90-B1A39BF3720F} = {B52EC512-B2BE-4700-974C-88CBAA8D3BAD}
		{A4133125-464D-4E9F-800A-79AE4113C406} = {B52EC512-B2BE-4700-974C-88CBAA8D3BAD}
		{E19D98F2-998C-44EF-95E1-D78F90426B5F} = {B52EC512-B2BE-4700-974C-88CBAA8D3BAD}
		{D1883FD4-C47F-4E74-86A0-8AE130431171} = {171836EF-A810-4B3F-877D-709B7608DE2E}
		{C9F46ACA-D417-4A21-BEDA-E6ABDEC468CC} = {171836EF-A810-4B3F-877D-709B7608DE2E}
		{979CD550-71F3-4C14-B3EF-9313F4C33CC8} = {BC5DEB52-1745-4E34-8050-08A1F8480FF9}
		{AF988ECE-2CB2-4E50-AFD7-620F83CF46B2} = {BC5DEB52-1745-4E34-8050-08A1F8480FF9}
		{99C79D52-4F24-4D51-AFD7-6CA217FE325F} = {BC5DEB52-1745-4E34-8050-08A1F8480FF9}
		{04B588FB-F2A8-45CA-B6C8-99F79F25169C} = {BC5DEB52-1745-4E34-8050-08A1F8480FF9}
		{D006C5BD-67C5-4DDF-8F5B-CAD3D7D2F24F} = {3847942C-0482-4A31-89E3-017B2C38677F}
		{180268B4-243A-4B8D-89DC-95682909FBCE} = {D006C5BD-67C5-4DDF-8F5B-CAD3D7D2F24F}
		{79329763-CB2F-4455-A348-55CBC5B880C1} = {E7748280-B75D-400A-A8F7-A5C12BC46A9F}
		{E7E11A08-558C-4EAD-8206-1E4CED3948CF} = {878B2709-4595-4551-990B-BE94F6501CEA}
		{7CEB6DA0-60EC-453D-82E1-004827A9AC83} = {878B2709-4595-4551-990B-BE94F6501CEA}
		{62C1D873-BEDC-4E52-8588-07AE1B1F84AC} = {878B2709-4595-4551-990B-BE94F6501CEA}
		{ACDA9DE4-CE96-45CE-B5FC-F74B206FFD95} = {878B2709-4595-4551-990B-BE94F6501CEA}
		{323C146B-A11F-4C96-8636-BAAF77DBDA62} = {171836EF-A810-4B3F-877D-709B7608DE2E}
		{78F7FF82-064B-4FCB-A9C3-04A6D8559CEA} = {171836EF-A810-4B3F-877D-709B7608DE2E}
		{B52EC512-B2BE-4700-974C-88CBAA8D3BAD} = {171836EF-A810-4B3F-877D-709B7608DE2E}
		{BC5DEB52-1745-4E34-8050-08A1F8480FF9} = {3847942C-0482-4A31-89E3-017B2C38677F}
		{ADEBD749-A139-408F-B13D-BDD95C5DE37C} = {D006C5BD-67C5-4DDF-8F5B-CAD3D7D2F24F}
		{3EACE6ED-E6AB-4707-B2AF-0925F467C44B} = {D006C5BD-67C5-4DDF-8F5B-CAD3D7D2F24F}
		{7EECBCA8-A19C-4A7C-AEE6-C58690139CD0} = {D006C5BD-67C5-4DDF-8F5B-CAD3D7D2F24F}
		{F064A241-DE33-4106-B435-C6EB9499237A} = {D006C5BD-67C5-4DDF-8F5B-CAD3D7D2F24F}
		{DDB46103-342A-4548-A4F8-A7E077013BD1} = {3847942C-0482-4A31-89E3-017B2C38677F}
		{060787D0-1A8C-49B7-A016-E42292672ABF} = {DDB46103-342A-4548-A4F8-A7E077013BD1}
		{10FA121B-9276-47B3-983E-6EBA5FEDEFBE} = {DDB46103-342A-4548-A4F8-A7E077013BD1}
		{4BD81B5E-AE08-4910-9466-826EBB9D0B2B} = {DDB46103-342A-4548-A4F8-A7E077013BD1}
		{75F42DA4-D159-485E-AF8F-FFE7D1222CA0} = {3847942C-0482-4A31-89E3-017B2C38677F}
		{D6DCA669-DA5B-4C9F-AFDA-159EF6A98030} = {3847942C-0482-4A31-89E3-017B2C38677F}
		{46098A5F-E499-4DCD-98F7-65FAC1E88E0E} = {83C03623-C33D-4390-A3D7-79EAF1C264B6}
		{95A67E99-0A84-4F0F-9735-AA59A229B777} = {350CBAD7-E800-4A87-BCC6-2D29DC55C81D}
		{EBBF918A-9E5D-49FF-97AD-1C2F95594BB4} = {350CBAD7-E800-4A87-BCC6-2D29DC55C81D}
		{350CBAD7-E800-4A87-BCC6-2D29DC55C81D} = {83C03623-C33D-4390-A3D7-79EAF1C264B6}
		{7F1E5C36-06E1-408D-9A91-DC8D9ABAB10E} = {83C03623-C33D-4390-A3D7-79EAF1C264B6}
		{46ED843A-02D5-4793-8D96-C52B25C7B132} = {83C03623-C33D-4390-A3D7-79EAF1C264B6}
		{DC781D58-D655-4F07-B3A8-8B371575ED08} = {E269C26B-20B4-433E-9780-40CDA9AAFBA1}
		{7993B43F-B197-410F-AC22-CAD2C7840925} = {DC781D58-D655-4F07-B3A8-8B371575ED08}
		{D26B3A43-3D36-434B-A6A4-602167DC2543} = {DC781D58-D655-4F07-B3A8-8B371575ED08}
		{61B246CE-F1D1-46F9-B3F0-AFD0A2F1AB80} = {DC781D58-D655-4F07-B3A8-8B371575ED08}
		{20F2DD82-F942-4650-81BC-A8B672E29016} = {DC781D58-D655-4F07-B3A8-8B371575ED08}
		{A71223C3-A8E5-4306-A11F-CEDA889DD6F1} = {DC781D58-D655-4F07-B3A8-8B371575ED08}
		{50FAD15F-CAE2-4C82-942E-8DB185DE8988} = {E269C26B-20B4-433E-9780-40CDA9AAFBA1}
		{D4B217F7-391B-424D-9640-D22EDF6040BD} = {50FAD15F-CAE2-4C82-942E-8DB185DE8988}
		{EB1FF961-E5C9-4487-A0E0-93D269CC11B1} = {50FAD15F-CAE2-4C82-942E-8DB185DE8988}
		{8A5D043B-4B5C-48D1-8A81-5147C3C9E494} = {50FAD15F-CAE2-4C82-942E-8DB185DE8988}
		{BD24A8DD-6FF5-4E68-91D1-14F82383174B} = {E269C26B-20B4-433E-9780-40CDA9AAFBA1}
		{AA61D6A0-4B37-41CA-9E2D-949C517E8BA8} = {E269C26B-20B4-433E-9780-40CDA9AAFBA1}
	EndGlobalSection
	GlobalSection(ExtensibilityGlobals) = postSolution
		SolutionGuid = {C1EE1572-5DFF-4B5E-832A-A68B029B23BD}
	EndGlobalSection
EndGlobal
